
Microsoft Visual Studio Solution File, Format Version 12.00
# Visual Studio Version 16
VisualStudioVersion = 16.0.30711.63
MinimumVisualStudioVersion = 10.0.40219.1
Project("{FAE04EC0-301F-11D3-BF4B-00C04F79EFBC}") = "SOLOS_Group_Capstone", "SOLOS_Group_Capstone.csproj", "{CC3BC9E9-4C15-45AD-B42A-866F9CA41A69}"
EndProject
Global
	GlobalSection(SolutionConfigurationPlatforms) = preSolution
		Debug|Any CPU = Debug|Any CPU
		Release|Any CPU = Release|Any CPU
	EndGlobalSection
	GlobalSection(ProjectConfigurationPlatforms) = postSolution
		{CC3BC9E9-4C15-45AD-B42A-866F9CA41A69}.Debug|Any CPU.ActiveCfg = Debug|Any CPU
		{CC3BC9E9-4C15-45AD-B42A-866F9CA41A69}.Debug|Any CPU.Build.0 = Debug|Any CPU
		{CC3BC9E9-4C15-45AD-B42A-866F9CA41A69}.Release|Any CPU.ActiveCfg = Release|Any CPU
		{CC3BC9E9-4C15-45AD-B42A-866F9CA41A69}.Release|Any CPU.Build.0 = Release|Any CPU
	EndGlobalSection
	GlobalSection(SolutionProperties) = preSolution
		HideSolutionNode = FALSE
	EndGlobalSection
	GlobalSection(ExtensibilityGlobals) = postSolution
		SolutionGuid = {EDF13460-3134-4716-93EF-13F278A84335}
	EndGlobalSection
EndGlobal
